
Microsoft Visual Studio Solution File, Format Version 12.00
# Visual Studio 15
VisualStudioVersion = 15.0.27004.2002
MinimumVisualStudioVersion = 10.0.40219.1
Project("{FAE04EC0-301F-11D3-BF4B-00C04F79EFBC}") = "www", "www\www.csproj", "{EAA7008F-A210-4510-8B36-988CB3431325}"
EndProject
Project("{FAE04EC0-301F-11D3-BF4B-00C04F79EFBC}") = "Datos", "Datos\Datos.csproj", "{60172050-5734-4238-961D-87E1D362DF9D}"
EndProject
Project("{FAE04EC0-301F-11D3-BF4B-00C04F79EFBC}") = "DatosTest", "DatosTest\DatosTest.csproj", "{76ADD33E-7052-4653-B14F-18B4F097B6B3}"
EndProject
Project("{FAE04EC0-301F-11D3-BF4B-00C04F79EFBC}") = "Logica", "Logica\Logica.csproj", "{F6B03E66-BE46-4D28-82D2-5E34D6E5A40F}"
EndProject
Project("{FAE04EC0-301F-11D3-BF4B-00C04F79EFBC}") = "LogicaTest", "LogicaTest\LogicaTest.csproj", "{644FB5CD-B06A-4BAE-A455-3346D5E5D2B5}"
EndProject
Project("{FAE04EC0-301F-11D3-BF4B-00C04F79EFBC}") = "wwwTest", "wwwTest\wwwTest.csproj", "{EFBF7BD4-6E94-4BC5-B047-5CEB4E219AFE}"
EndProject
Global
	GlobalSection(SolutionConfigurationPlatforms) = preSolution
		Debug|Any CPU = Debug|Any CPU
		Release|Any CPU = Release|Any CPU
	EndGlobalSection
	GlobalSection(ProjectConfigurationPlatforms) = postSolution
		{EAA7008F-A210-4510-8B36-988CB3431325}.Debug|Any CPU.ActiveCfg = Debug|Any CPU
		{EAA7008F-A210-4510-8B36-988CB3431325}.Debug|Any CPU.Build.0 = Debug|Any CPU
		{EAA7008F-A210-4510-8B36-988CB3431325}.Release|Any CPU.ActiveCfg = Release|Any CPU
		{EAA7008F-A210-4510-8B36-988CB3431325}.Release|Any CPU.Build.0 = Release|Any CPU
		{60172050-5734-4238-961D-87E1D362DF9D}.Debug|Any CPU.ActiveCfg = Debug|Any CPU
		{60172050-5734-4238-961D-87E1D362DF9D}.Debug|Any CPU.Build.0 = Debug|Any CPU
		{60172050-5734-4238-961D-87E1D362DF9D}.Release|Any CPU.ActiveCfg = Release|Any CPU
		{60172050-5734-4238-961D-87E1D362DF9D}.Release|Any CPU.Build.0 = Release|Any CPU
		{76ADD33E-7052-4653-B14F-18B4F097B6B3}.Debug|Any CPU.ActiveCfg = Debug|Any CPU
		{76ADD33E-7052-4653-B14F-18B4F097B6B3}.Debug|Any CPU.Build.0 = Debug|Any CPU
		{76ADD33E-7052-4653-B14F-18B4F097B6B3}.Release|Any CPU.ActiveCfg = Release|Any CPU
		{76ADD33E-7052-4653-B14F-18B4F097B6B3}.Release|Any CPU.Build.0 = Release|Any CPU
		{F6B03E66-BE46-4D28-82D2-5E34D6E5A40F}.Debug|Any CPU.ActiveCfg = Debug|Any CPU
		{F6B03E66-BE46-4D28-82D2-5E34D6E5A40F}.Debug|Any CPU.Build.0 = Debug|Any CPU
		{F6B03E66-BE46-4D28-82D2-5E34D6E5A40F}.Release|Any CPU.ActiveCfg = Release|Any CPU
		{F6B03E66-BE46-4D28-82D2-5E34D6E5A40F}.Release|Any CPU.Build.0 = Release|Any CPU
		{644FB5CD-B06A-4BAE-A455-3346D5E5D2B5}.Debug|Any CPU.ActiveCfg = Debug|Any CPU
		{644FB5CD-B06A-4BAE-A455-3346D5E5D2B5}.Debug|Any CPU.Build.0 = Debug|Any CPU
		{644FB5CD-B06A-4BAE-A455-3346D5E5D2B5}.Release|Any CPU.ActiveCfg = Release|Any CPU
		{644FB5CD-B06A-4BAE-A455-3346D5E5D2B5}.Release|Any CPU.Build.0 = Release|Any CPU
		{EFBF7BD4-6E94-4BC5-B047-5CEB4E219AFE}.Debug|Any CPU.ActiveCfg = Debug|Any CPU
		{EFBF7BD4-6E94-4BC5-B047-5CEB4E219AFE}.Debug|Any CPU.Build.0 = Debug|Any CPU
		{EFBF7BD4-6E94-4BC5-B047-5CEB4E219AFE}.Release|Any CPU.ActiveCfg = Release|Any CPU
		{EFBF7BD4-6E94-4BC5-B047-5CEB4E219AFE}.Release|Any CPU.Build.0 = Release|Any CPU
	EndGlobalSection
	GlobalSection(SolutionProperties) = preSolution
		HideSolutionNode = FALSE
	EndGlobalSection
	GlobalSection(ExtensibilityGlobals) = postSolution
		SolutionGuid = {D78FAC0F-FEC8-4F62-BD94-39DA760302C0}
	EndGlobalSection
EndGlobal
